
Microsoft Visual Studio Solution File, Format Version 10.00
# Visual Studio 2008
Project("{8BC9CEB8-8B4A-11D0-8D11-00A0C91BC942}") = "Vishay_OTI", "Vishay_OTI\Vishay_OTI.vcproj", "{5BD6F229-E8EA-4879-B5A9-F0A7A22F88BF}"
EndProject
Global
	GlobalSection(SolutionConfigurationPlatforms) = preSolution
		Debug|Win32 = Debug|Win32
		Release|Win32 = Release|Win32
	EndGlobalSection
	GlobalSection(ProjectConfigurationPlatforms) = postSolution
		{5BD6F229-E8EA-4879-B5A9-F0A7A22F88BF}.Debug|Win32.ActiveCfg = Debug|Win32
		{5BD6F229-E8EA-4879-B5A9-F0A7A22F88BF}.Debug|Win32.Build.0 = Debug|Win32
		{5BD6F229-E8EA-4879-B5A9-F0A7A22F88BF}.Release|Win32.ActiveCfg = Release|Win32
		{5BD6F229-E8EA-4879-B5A9-F0A7A22F88BF}.Release|Win32.Build.0 = Release|Win32
	EndGlobalSection
	GlobalSection(SolutionProperties) = preSolution
		HideSolutionNode = FALSE
	EndGlobalSection
EndGlobal
